
Microsoft Visual Studio Solution File, Format Version 12.00
# Visual Studio Version 16
VisualStudioVersion = 16.0.30517.126
MinimumVisualStudioVersion = 10.0.40219.1
Project("{FAE04EC0-301F-11D3-BF4B-00C04F79EFBC}") = "Week7Arrays", "Week7Arrays\Week7Arrays.csproj", "{3D09FD3B-6167-48BF-BCE4-809A7E1FC895}"
EndProject
Global
	GlobalSection(SolutionConfigurationPlatforms) = preSolution
		Debug|Any CPU = Debug|Any CPU
		Release|Any CPU = Release|Any CPU
	EndGlobalSection
	GlobalSection(ProjectConfigurationPlatforms) = postSolution
		{3D09FD3B-6167-48BF-BCE4-809A7E1FC895}.Debug|Any CPU.ActiveCfg = Debug|Any CPU
		{3D09FD3B-6167-48BF-BCE4-809A7E1FC895}.Debug|Any CPU.Build.0 = Debug|Any CPU
		{3D09FD3B-6167-48BF-BCE4-809A7E1FC895}.Release|Any CPU.ActiveCfg = Release|Any CPU
		{3D09FD3B-6167-48BF-BCE4-809A7E1FC895}.Release|Any CPU.Build.0 = Release|Any CPU
	EndGlobalSection
	GlobalSection(SolutionProperties) = preSolution
		HideSolutionNode = FALSE
	EndGlobalSection
	GlobalSection(ExtensibilityGlobals) = postSolution
		SolutionGuid = {F8ED2BD8-91F7-4C93-97A9-05291F918095}
	EndGlobalSection
EndGlobal
